{
  "requires": true,
  "lockfileVersion": 1,
  "dependencies": {
    "fuse.js": {
      "version": "3.6.1",
      "resolved": "https://registry.npmjs.org/fuse.js/-/fuse.js-3.6.1.tgz",
      "integrity": "sha512-hT9yh/tiinkmirKrlv4KWOjztdoZo1mx9Qh4KvWqC7isoXwdUY3PNWUxceF4/qO9R6riA2C29jdTOeQOIROjgw=="
    },
    "nigerian-institutions": {
      "version": "1.0.3",
      "resolved": "https://registry.npmjs.org/nigerian-institutions/-/nigerian-institutions-1.0.3.tgz",
      "integrity": "sha512-CDMAOs/NNm9gaZVH1r5csoI9UAsoqbRPjZ2ORXMHi9Gdyg+rhajVQDQD8Rjx8S+/1oMqmdA7EMxceKhQoLR0Tg==",
      "requires": {
        "fuse.js": "^3.2.0"
      }
    }
  }
}
